{
  "lockfile_version": "1",
  "packages": {
    "github:NixOS/nixpkgs/nixpkgs-unstable": {
      "resolved": "github:NixOS/nixpkgs/12a55407652e04dcf2309436eb06fef0d3713ef3?lastModified=1747426788&narHash=sha256-N4cp0asTsJCnRMFZ%2Fk19V9akkxb7J%2FopG%2BK%2BjU57JGc%3D"
    },
    "vscode@latest": {
      "last_modified": "2025-05-12T14:38:58Z",
      "resolved": "github:NixOS/nixpkgs/eaeed9530c76ce5f1d2d8232e08bec5e26f18ec1#vscode",
      "source": "devbox-search",
      "version": "1.99.3",
      "systems": {
        "aarch64-darwin": {
          "outputs": [
            {
              "name": "out",
              "path": "/nix/store/d8rrd2257055m5byzq77ckn7wkgpa36r-vscode-1.99.3",
              "default": true
            }
          ],
          "store_path": "/nix/store/d8rrd2257055m5byzq77ckn7wkgpa36r-vscode-1.99.3"
        },
        "aarch64-linux": {
          "outputs": [
            {
              "name": "out",
              "path": "/nix/store/8kc1hvyc9lz3bagkidw87ifdkdl0ijxq-vscode-1.99.3",
              "default": true
            }
          ],
          "store_path": "/nix/store/8kc1hvyc9lz3bagkidw87ifdkdl0ijxq-vscode-1.99.3"
        },
        "x86_64-darwin": {
          "outputs": [
            {
              "name": "out",
              "path": "/nix/store/ds7309zs35y600fnvzcqqhh92p9qixgz-vscode-1.99.3",
              "default": true
            }
          ],
          "store_path": "/nix/store/ds7309zs35y600fnvzcqqhh92p9qixgz-vscode-1.99.3"
        },
        "x86_64-linux": {
          "outputs": [
            {
              "name": "out",
              "path": "/nix/store/a2mwjizacw89bavfpfgss0z9fclh99xk-vscode-1.99.3",
              "default": true
            }
          ],
          "store_path": "/nix/store/a2mwjizacw89bavfpfgss0z9fclh99xk-vscode-1.99.3"
        }
      }
    }
  }
}
